{
  "requires": true,
  "lockfileVersion": 1,
  "dependencies": {
    "dotenv": {
      "version": "8.2.0",
      "resolved": "https://registry.npmjs.org/dotenv/-/dotenv-8.2.0.tgz",
      "integrity": "sha512-8sJ78ElpbDJBHNeBzUbUVLsqKdccaa/BXF1uPTw3GrvQTBgrQrtObr2mUrE38vzYd8cEv+m/JBfDLioYcfXoaw=="
    },
    "lolhost": {
      "version": "1.0.1",
      "resolved": "https://registry.npmjs.org/lolhost/-/lolhost-1.0.1.tgz",
      "integrity": "sha512-Z+45vbzHKm7OQzK46dh0RUzT0Tvia1CMHx7E8zbd0DSMG4xY8PJCTQxLuRxdO72/gDfBhRfcp3JUsWD44hMgQw==",
      "requires": {
        "dotenv": "^8.2.0"
      }
    }
  }
}
